Microsoft Visual Studio Solution File, Format Version 12.00
# Visual Studio Version 17
VisualStudioVersion = 17.5.2.0
MinimumVisualStudioVersion = 10.0.40219.1
Project("{FAE04EC0-301F-11D3-BF4B-00C04F79EFBC}") = "meowmeow_7", "meowmeow_7.csproj", "{205EAE73-BB8D-954F-4CF8-36ABDB1B0362}"
EndProject
Global
	GlobalSection(SolutionConfigurationPlatforms) = preSolution
		Debug|Any CPU = Debug|Any CPU
		Release|Any CPU = Release|Any CPU
	EndGlobalSection
	GlobalSection(ProjectConfigurationPlatforms) = postSolution
		{205EAE73-BB8D-954F-4CF8-36ABDB1B0362}.Debug|Any CPU.ActiveCfg = Debug|Any CPU
		{205EAE73-BB8D-954F-4CF8-36ABDB1B0362}.Debug|Any CPU.Build.0 = Debug|Any CPU
		{205EAE73-BB8D-954F-4CF8-36ABDB1B0362}.Release|Any CPU.ActiveCfg = Release|Any CPU
		{205EAE73-BB8D-954F-4CF8-36ABDB1B0362}.Release|Any CPU.Build.0 = Release|Any CPU
	EndGlobalSection
	GlobalSection(SolutionProperties) = preSolution
		HideSolutionNode = FALSE
	EndGlobalSection
	GlobalSection(ExtensibilityGlobals) = postSolution
		SolutionGuid = {BF413623-8ACC-434E-83C2-0229EA8A634E}
	EndGlobalSection
EndGlobal
